
Microsoft Visual Studio Solution File, Format Version 12.00
# Visual Studio Version 16
VisualStudioVersion = 16.0.31105.61
MinimumVisualStudioVersion = 10.0.40219.1
Project("{8BC9CEB8-8B4A-11D0-8D11-00A0C91BC942}") = "demo_12", "demo_12\demo_12.vcxproj", "{E1E8FF5E-0C17-4AAA-A905-B5FBDF07A60B}"
EndProject
Global
	GlobalSection(SolutionConfigurationPlatforms) = preSolution
		Debug|x64 = Debug|x64
		Debug|x86 = Debug|x86
		Release|x64 = Release|x64
		Release|x86 = Release|x86
	EndGlobalSection
	GlobalSection(ProjectConfigurationPlatforms) = postSolution
		{E1E8FF5E-0C17-4AAA-A905-B5FBDF07A60B}.Debug|x64.ActiveCfg = Debug|x64
		{E1E8FF5E-0C17-4AAA-A905-B5FBDF07A60B}.Debug|x64.Build.0 = Debug|x64
		{E1E8FF5E-0C17-4AAA-A905-B5FBDF07A60B}.Debug|x86.ActiveCfg = Debug|Win32
		{E1E8FF5E-0C17-4AAA-A905-B5FBDF07A60B}.Debug|x86.Build.0 = Debug|Win32
		{E1E8FF5E-0C17-4AAA-A905-B5FBDF07A60B}.Release|x64.ActiveCfg = Release|x64
		{E1E8FF5E-0C17-4AAA-A905-B5FBDF07A60B}.Release|x64.Build.0 = Release|x64
		{E1E8FF5E-0C17-4AAA-A905-B5FBDF07A60B}.Release|x86.ActiveCfg = Release|Win32
		{E1E8FF5E-0C17-4AAA-A905-B5FBDF07A60B}.Release|x86.Build.0 = Release|Win32
	EndGlobalSection
	GlobalSection(SolutionProperties) = preSolution
		HideSolutionNode = FALSE
	EndGlobalSection
	GlobalSection(ExtensibilityGlobals) = postSolution
		SolutionGuid = {EE983FA0-8545-4133-B88D-99595C030F55}
	EndGlobalSection
EndGlobal
